
Microsoft Visual Studio Solution File, Format Version 11.00
# Visual Studio 2010
Project("{FAE04EC0-301F-11D3-BF4B-00C04F79EFBC}") = "SeleniumWebDriverExample", "SeleniumWebDriverExample\SeleniumWebDriverExample.csproj", "{F8BF6728-0B80-44CC-B254-7AE4BC3227DA}"
EndProject
Project("{2150E333-8FDC-42A3-9474-1A3956D46DE8}") = "Solution Items", "Solution Items", "{FBA5E9DA-2566-401D-A29A-B376E0E4B19E}"
	ProjectSection(SolutionItems) = preProject
		Local.testsettings = Local.testsettings
		SeleniumWebDriverExample.vsmdi = SeleniumWebDriverExample.vsmdi
		TraceAndTestImpact.testsettings = TraceAndTestImpact.testsettings
	EndProjectSection
EndProject
Global
	GlobalSection(TestCaseManagementSettings) = postSolution
		CategoryFile = SeleniumWebDriverExample.vsmdi
	EndGlobalSection
	GlobalSection(SolutionConfigurationPlatforms) = preSolution
		Debug|Any CPU = Debug|Any CPU
		Release|Any CPU = Release|Any CPU
	EndGlobalSection
	GlobalSection(ProjectConfigurationPlatforms) = postSolution
		{F8BF6728-0B80-44CC-B254-7AE4BC3227DA}.Debug|Any CPU.ActiveCfg = Debug|Any CPU
		{F8BF6728-0B80-44CC-B254-7AE4BC3227DA}.Debug|Any CPU.Build.0 = Debug|Any CPU
		{F8BF6728-0B80-44CC-B254-7AE4BC3227DA}.Release|Any CPU.ActiveCfg = Release|Any CPU
		{F8BF6728-0B80-44CC-B254-7AE4BC3227DA}.Release|Any CPU.Build.0 = Release|Any CPU
	EndGlobalSection
	GlobalSection(SolutionProperties) = preSolution
		HideSolutionNode = FALSE
	EndGlobalSection
EndGlobal
